
Microsoft Visual Studio Solution File, Format Version 12.00
# Visual Studio Version 17
VisualStudioVersion = 17.0.32126.317
MinimumVisualStudioVersion = 10.0.40219.1
Project("{FAE04EC0-301F-11D3-BF4B-00C04F79EFBC}") = "Tests", "Tests\Tests.csproj", "{5F9347CC-E9C5-4C98-B50B-1CB178CC448F}"
EndProject
Project("{FAE04EC0-301F-11D3-BF4B-00C04F79EFBC}") = "MockingByConstructor", "MockingByConstructor\MockingByConstructor.csproj", "{4E220BD1-B3A2-451F-B17D-674B8E88B967}"
EndProject
Project("{FAE04EC0-301F-11D3-BF4B-00C04F79EFBC}") = "MockingByFunction", "MockingByFunction\MockingByFunction.csproj", "{29DAA902-D27E-4F1D-98C2-1457919324B3}"
EndProject
Project("{FAE04EC0-301F-11D3-BF4B-00C04F79EFBC}") = "MockingByGenerics", "MockingByGenerics\MockingByGenerics.csproj", "{36AF5760-62CC-4DBC-8BAB-FE75294D2687}"
EndProject
Global
	GlobalSection(SolutionConfigurationPlatforms) = preSolution
		Debug|Any CPU = Debug|Any CPU
		Release|Any CPU = Release|Any CPU
	EndGlobalSection
	GlobalSection(ProjectConfigurationPlatforms) = postSolution
		{5F9347CC-E9C5-4C98-B50B-1CB178CC448F}.Debug|Any CPU.ActiveCfg = Debug|Any CPU
		{5F9347CC-E9C5-4C98-B50B-1CB178CC448F}.Debug|Any CPU.Build.0 = Debug|Any CPU
		{5F9347CC-E9C5-4C98-B50B-1CB178CC448F}.Release|Any CPU.ActiveCfg = Release|Any CPU
		{5F9347CC-E9C5-4C98-B50B-1CB178CC448F}.Release|Any CPU.Build.0 = Release|Any CPU
		{4E220BD1-B3A2-451F-B17D-674B8E88B967}.Debug|Any CPU.ActiveCfg = Debug|Any CPU
		{4E220BD1-B3A2-451F-B17D-674B8E88B967}.Debug|Any CPU.Build.0 = Debug|Any CPU
		{4E220BD1-B3A2-451F-B17D-674B8E88B967}.Release|Any CPU.ActiveCfg = Release|Any CPU
		{4E220BD1-B3A2-451F-B17D-674B8E88B967}.Release|Any CPU.Build.0 = Release|Any CPU
		{29DAA902-D27E-4F1D-98C2-1457919324B3}.Debug|Any CPU.ActiveCfg = Debug|Any CPU
		{29DAA902-D27E-4F1D-98C2-1457919324B3}.Debug|Any CPU.Build.0 = Debug|Any CPU
		{29DAA902-D27E-4F1D-98C2-1457919324B3}.Release|Any CPU.ActiveCfg = Release|Any CPU
		{29DAA902-D27E-4F1D-98C2-1457919324B3}.Release|Any CPU.Build.0 = Release|Any CPU
		{36AF5760-62CC-4DBC-8BAB-FE75294D2687}.Debug|Any CPU.ActiveCfg = Debug|Any CPU
		{36AF5760-62CC-4DBC-8BAB-FE75294D2687}.Debug|Any CPU.Build.0 = Debug|Any CPU
		{36AF5760-62CC-4DBC-8BAB-FE75294D2687}.Release|Any CPU.ActiveCfg = Release|Any CPU
		{36AF5760-62CC-4DBC-8BAB-FE75294D2687}.Release|Any CPU.Build.0 = Release|Any CPU
	EndGlobalSection
	GlobalSection(SolutionProperties) = preSolution
		HideSolutionNode = FALSE
	EndGlobalSection
	GlobalSection(ExtensibilityGlobals) = postSolution
		SolutionGuid = {09175790-2C42-494E-ACF7-7CD10707E21E}
	EndGlobalSection
EndGlobal
